
Microsoft Visual Studio Solution File, Format Version 12.00
# Visual Studio Version 16
VisualStudioVersion = 16.0.32126.315
MinimumVisualStudioVersion = 10.0.40219.1
Project("{FAE04EC0-301F-11D3-BF4B-00C04F79EFBC}") = "BoostYourselfSonInch", "BoostYourselfSonInch\BoostYourselfSonInch.csproj", "{3C588D3E-49CE-4A92-95E7-45FDE6C3E715}"
EndProject
Global
	GlobalSection(SolutionConfigurationPlatforms) = preSolution
		Debug|Any CPU = Debug|Any CPU
		Release|Any CPU = Release|Any CPU
	EndGlobalSection
	GlobalSection(ProjectConfigurationPlatforms) = postSolution
		{3C588D3E-49CE-4A92-95E7-45FDE6C3E715}.Debug|Any CPU.ActiveCfg = Debug|Any CPU
		{3C588D3E-49CE-4A92-95E7-45FDE6C3E715}.Debug|Any CPU.Build.0 = Debug|Any CPU
		{3C588D3E-49CE-4A92-95E7-45FDE6C3E715}.Release|Any CPU.ActiveCfg = Release|Any CPU
		{3C588D3E-49CE-4A92-95E7-45FDE6C3E715}.Release|Any CPU.Build.0 = Release|Any CPU
	EndGlobalSection
	GlobalSection(SolutionProperties) = preSolution
		HideSolutionNode = FALSE
	EndGlobalSection
	GlobalSection(ExtensibilityGlobals) = postSolution
		SolutionGuid = {7ADD546A-8A22-418C-8155-215EDEED6971}
	EndGlobalSection
EndGlobal
